
Microsoft Visual Studio Solution File, Format Version 12.00
# Visual Studio Version 17
VisualStudioVersion = 17.5.002.0
MinimumVisualStudioVersion = 10.0.40219.1
Project("{9A19103F-16F7-4668-BE54-9A1E7A4F7556}") = "MyFirstWebAPI", "MyFirstWebAPI.csproj", "{564709B3-8CD6-42AE-9B00-34F8387FE5FF}"
EndProject
Global
	GlobalSection(SolutionConfigurationPlatforms) = preSolution
		Debug|Any CPU = Debug|Any CPU
		Release|Any CPU = Release|Any CPU
	EndGlobalSection
	GlobalSection(ProjectConfigurationPlatforms) = postSolution
		{564709B3-8CD6-42AE-9B00-34F8387FE5FF}.Debug|Any CPU.ActiveCfg = Debug|Any CPU
		{564709B3-8CD6-42AE-9B00-34F8387FE5FF}.Debug|Any CPU.Build.0 = Debug|Any CPU
		{564709B3-8CD6-42AE-9B00-34F8387FE5FF}.Release|Any CPU.ActiveCfg = Release|Any CPU
		{564709B3-8CD6-42AE-9B00-34F8387FE5FF}.Release|Any CPU.Build.0 = Release|Any CPU
	EndGlobalSection
	GlobalSection(SolutionProperties) = preSolution
		HideSolutionNode = FALSE
	EndGlobalSection
	GlobalSection(ExtensibilityGlobals) = postSolution
		SolutionGuid = {A27A7C1F-82EB-4CFB-8D00-654F9D5D6B78}
	EndGlobalSection
EndGlobal
